// !$*UTF8*$!
{
	archiveVersion = 1;
	classes = {
	};
	objectVersion = 48;
	objects = {

/* Begin PBXBuildFile section */
		B9CC9B9756492EDE960CE033 /* Pods_Michigan_Hackers.framework in Frameworks */ = {isa = PBXBuildFile; fileRef = F3F0D2FACDD711FC9E55948B /* Pods_Michigan_Hackers.framework */; };
		DB747BD2201AB36300F67C86 /* AppDelegate.swift in Sources */ = {isa = PBXBuildFile; fileRef = DB747BD1201AB36300F67C86 /* AppDelegate.swift */; };
		DB747BD4201AB36300F67C86 /* ViewController.swift in Sources */ = {isa = PBXBuildFile; fileRef = DB747BD3201AB36300F67C86 /* ViewController.swift */; };
		DB747BD9201AB36300F67C86 /* Assets.xcassets in Resources */ = {isa = PBXBuildFile; fileRef = DB747BD8201AB36300F67C86 /* Assets.xcassets */; };
		DB747BDC201AB36300F67C86 /* LaunchScreen.storyboard in Resources */ = {isa = PBXBuildFile; fileRef = DB747BDA201AB36300F67C86 /* LaunchScreen.storyboard */; };
		DBFF347C2023F1490020B7AA /* logo_square.png in Resources */ = {isa = PBXBuildFile; fileRef = DBFF347B2023F1490020B7AA /* logo_square.png */; };
		DBFF347E2023F3F20020B7AA /* EventController.swift in Sources */ = {isa = PBXBuildFile; fileRef = DBFF347D2023F3F20020B7AA /* EventController.swift */; };
/* End PBXBuildFile section */

/* Begin PBXFileReference section */
		91738A33D49BA5335B392FF5 /* Pods-Michigan Hackers.debug.xcconfig */ = {isa = PBXFileReference; includeInIndex = 1; lastKnownFileType = text.xcconfig; name = "Pods-Michigan Hackers.debug.xcconfig"; path = "Pods/Target Support Files/Pods-Michigan Hackers/Pods-Michigan Hackers.debug.xcconfig"; sourceTree = "<group>"; };
		9E75BE18609F638109ABFD78 /* Pods-Michigan Hackers.release.xcconfig */ = {isa = PBXFileReference; includeInIndex = 1; lastKnownFileType = text.xcconfig; name = "Pods-Michigan Hackers.release.xcconfig"; path = "Pods/Target Support Files/Pods-Michigan Hackers/Pods-Michigan Hackers.release.xcconfig"; sourceTree = "<group>"; };
		DB0D9E1E2036752300323B67 /* libIGListKit.a */ = {isa = PBXFileReference; explicitFileType = archive.ar; path = libIGListKit.a; sourceTree = BUILT_PRODUCTS_DIR; };
		DB747BCE201AB36300F67C86 /* Michigan Hackers.app */ = {isa = PBXFileReference; explicitFileType = wrapper.application; includeInIndex = 0; path = "Michigan Hackers.app"; sourceTree = BUILT_PRODUCTS_DIR; };
		DB747BD1201AB36300F67C86 /* AppDelegate.swift */ = {isa = PBXFileReference; lastKnownFileType = sourcecode.swift; path = AppDelegate.swift; sourceTree = "<group>"; };
		DB747BD3201AB36300F67C86 /* ViewController.swift */ = {isa = PBXFileReference; lastKnownFileType = sourcecode.swift; path = ViewController.swift; sourceTree = "<group>"; };
		DB747BD8201AB36300F67C86 /* Assets.xcassets */ = {isa = PBXFileReference; lastKnownFileType = folder.assetcatalog; path = Assets.xcassets; sourceTree = "<group>"; };
		DB747BDB201AB36300F67C86 /* Base */ = {isa = PBXFileReference; lastKnownFileType = file.storyboard; name = Base; path = Base.lproj/LaunchScreen.storyboard; sourceTree = "<group>"; };
		DB747BDD201AB36300F67C86 /* Info.plist */ = {isa = PBXFileReference; lastKnownFileType = text.plist.xml; path = Info.plist; sourceTree = "<group>"; };
		DBFF347B2023F1490020B7AA /* logo_square.png */ = {isa = PBXFileReference; lastKnownFileType = image.png; path = logo_square.png; sourceTree = "<group>"; };
		DBFF347D2023F3F20020B7AA /* EventController.swift */ = {isa = PBXFileReference; lastKnownFileType = sourcecode.swift; path = EventController.swift; sourceTree = "<group>"; };
		F3F0D2FACDD711FC9E55948B /* Pods_Michigan_Hackers.framework */ = {isa = PBXFileReference; explicitFileType = wrapper.framework; includeInIndex = 0; path = Pods_Michigan_Hackers.framework; sourceTree = BUILT_PRODUCTS_DIR; };
/* End PBXFileReference section */

/* Begin PBXFrameworksBuildPhase section */
		DB747BCB201AB36300F67C86 /* Frameworks */ = {
			isa = PBXFrameworksBuildPhase;
			buildActionMask = 2147483647;
			files = (
				B9CC9B9756492EDE960CE033 /* Pods_Michigan_Hackers.framework in Frameworks */,
			);
			runOnlyForDeploymentPostprocessing = 0;
		};
/* End PBXFrameworksBuildPhase section */

/* Begin PBXGroup section */
		842643E4B40F2686C43D72CE /* Frameworks */ = {
			isa = PBXGroup;
			children = (
				DB0D9E1E2036752300323B67 /* libIGListKit.a */,
				F3F0D2FACDD711FC9E55948B /* Pods_Michigan_Hackers.framework */,
			);
			name = Frameworks;
			sourceTree = "<group>";
		};
		BF8A301308B322B8C9FA7A56 /* Pods */ = {
			isa = PBXGroup;
			children = (
				91738A33D49BA5335B392FF5 /* Pods-Michigan Hackers.debug.xcconfig */,
				9E75BE18609F638109ABFD78 /* Pods-Michigan Hackers.release.xcconfig */,
			);
			name = Pods;
			sourceTree = "<group>";
		};
		DB0D9E1B20366DE000323B67 /* Assets */ = {
			isa = PBXGroup;
			children = (
				DB747BD8201AB36300F67C86 /* Assets.xcassets */,
				DBFF347B2023F1490020B7AA /* logo_square.png */,
			);
			path = Assets;
			sourceTree = "<group>";
		};
		DB0D9E1C20366E5400323B67 /* ViewControllers */ = {
			isa = PBXGroup;
			children = (
				DBFF347D2023F3F20020B7AA /* EventController.swift */,
				DB747BD3201AB36300F67C86 /* ViewController.swift */,
			);
			path = ViewControllers;
			sourceTree = "<group>";
		};
		DB747BC5201AB36300F67C86 = {
			isa = PBXGroup;
			children = (
				DB747BD0201AB36300F67C86 /* Michigan Hackers */,
				DB747BCF201AB36300F67C86 /* Products */,
				BF8A301308B322B8C9FA7A56 /* Pods */,
				842643E4B40F2686C43D72CE /* Frameworks */,
			);
			sourceTree = "<group>";
		};
		DB747BCF201AB36300F67C86 /* Products */ = {
			isa = PBXGroup;
			children = (
				DB747BCE201AB36300F67C86 /* Michigan Hackers.app */,
			);
			name = Products;
			sourceTree = "<group>";
		};
		DB747BD0201AB36300F67C86 /* Michigan Hackers */ = {
			isa = PBXGroup;
			children = (
				DB747BD1201AB36300F67C86 /* AppDelegate.swift */,
				DB747BDA201AB36300F67C86 /* LaunchScreen.storyboard */,
				DB0D9E1C20366E5400323B67 /* ViewControllers */,
				DB0D9E1B20366DE000323B67 /* Assets */,
				DB747BDD201AB36300F67C86 /* Info.plist */,
			);
			path = "Michigan Hackers";
			sourceTree = "<group>";
		};
/* End PBXGroup section */

/* Begin PBXNativeTarget section */
		DB747BCD201AB36300F67C86 /* Michigan Hackers */ = {
			isa = PBXNativeTarget;
			buildConfigurationList = DB747BE0201AB36300F67C86 /* Build configuration list for PBXNativeTarget "Michigan Hackers" */;
			buildPhases = (
				20704BD67BCE80BF166BD3A7 /* [CP] Check Pods Manifest.lock */,
				DB747BCA201AB36300F67C86 /* Sources */,
				DB747BCB201AB36300F67C86 /* Frameworks */,
				DB747BCC201AB36300F67C86 /* Resources */,
				2B3C9ED5E8346FF2F71DF7C8 /* [CP] Embed Pods Frameworks */,
				C23276B70718DADADCEC39F4 /* [CP] Copy Pods Resources */,
			);
			buildRules = (
			);
			dependencies = (
			);
			name = "Michigan Hackers";
			productName = "Michigan Hackers";
			productReference = DB747BCE201AB36300F67C86 /* Michigan Hackers.app */;
			productType = "com.apple.product-type.application";
		};
/* End PBXNativeTarget section */

/* Begin PBXProject section */
		DB747BC6201AB36300F67C86 /* Project object */ = {
			isa = PBXProject;
			attributes = {
				LastSwiftUpdateCheck = 0920;
				LastUpgradeCheck = 0920;
				ORGANIZATIONNAME = "Connor Svrcek";
				TargetAttributes = {
					DB747BCD201AB36300F67C86 = {
						CreatedOnToolsVersion = 9.2;
						ProvisioningStyle = Automatic;
					};
				};
			};
			buildConfigurationList = DB747BC9201AB36300F67C86 /* Build configuration list for PBXProject "Michigan Hackers" */;
			compatibilityVersion = "Xcode 8.0";
			developmentRegion = en;
			hasScannedForEncodings = 0;
			knownRegions = (
				en,
				Base,
			);
			mainGroup = DB747BC5201AB36300F67C86;
			productRefGroup = DB747BCF201AB36300F67C86 /* Products */;
			projectDirPath = "";
			projectRoot = "";
			targets = (
				DB747BCD201AB36300F67C86 /* Michigan Hackers */,
			);
		};
/* End PBXProject section */

/* Begin PBXResourcesBuildPhase section */
		DB747BCC201AB36300F67C86 /* Resources */ = {
			isa = PBXResourcesBuildPhase;
			buildActionMask = 2147483647;
			files = (
				DB747BDC201AB36300F67C86 /* LaunchScreen.storyboard in Resources */,
				DB747BD9201AB36300F67C86 /* Assets.xcassets in Resources */,
				DBFF347C2023F1490020B7AA /* logo_square.png in Resources */,
			);
			runOnlyForDeploymentPostprocessing = 0;
		};
/* End PBXResourcesBuildPhase section */

/* Begin PBXShellScriptBuildPhase section */
		20704BD67BCE80BF166BD3A7 /* [CP] Check Pods Manifest.lock */ = {
			isa = PBXShellScriptBuildPhase;
			buildActionMask = 2147483647;
			files = (
			);
			inputPaths = (
				"${PODS_PODFILE_DIR_PATH}/Podfile.lock",
				"${PODS_ROOT}/Manifest.lock",
			);
			name = "[CP] Check Pods Manifest.lock";
			outputPaths = (
				"$(DERIVED_FILE_DIR)/Pods-Michigan Hackers-checkManifestLockResult.txt",
			);
			runOnlyForDeploymentPostprocessing = 0;
			shellPath = /bin/sh;
			shellScript = "diff \"${PODS_PODFILE_DIR_PATH}/Podfile.lock\" \"${PODS_ROOT}/Manifest.lock\" > /dev/null\nif [ $? != 0 ] ; then\n    # print error to STDERR\n    echo \"error: The sandbox is not in sync with the Podfile.lock. Run 'pod install' or update your CocoaPods installation.\" >&2\n    exit 1\nfi\n# This output is used by Xcode 'outputs' to avoid re-running this script phase.\necho \"SUCCESS\" > \"${SCRIPT_OUTPUT_FILE_0}\"\n";
			showEnvVarsInLog = 0;
		};
		2B3C9ED5E8346FF2F71DF7C8 /* [CP] Embed Pods Frameworks */ = {
			isa = PBXShellScriptBuildPhase;
			buildActionMask = 2147483647;
			files = (
			);
			inputPaths = (
				"${SRCROOT}/Pods/Target Support Files/Pods-Michigan Hackers/Pods-Michigan Hackers-frameworks.sh",
				"${BUILT_PRODUCTS_DIR}/IGListKit/IGListKit.framework",
			);
			name = "[CP] Embed Pods Frameworks";
			outputPaths = (
				"${TARGET_BUILD_DIR}/${FRAMEWORKS_FOLDER_PATH}/IGListKit.framework",
			);
			runOnlyForDeploymentPostprocessing = 0;
			shellPath = /bin/sh;
			shellScript = "\"${SRCROOT}/Pods/Target Support Files/Pods-Michigan Hackers/Pods-Michigan Hackers-frameworks.sh\"\n";
			showEnvVarsInLog = 0;
		};
		C23276B70718DADADCEC39F4 /* [CP] Copy Pods Resources */ = {
			isa = PBXShellScriptBuildPhase;
			buildActionMask = 2147483647;
			files = (
			);
			inputPaths = (
			);
			name = "[CP] Copy Pods Resources";
			outputPaths = (
			);
			runOnlyForDeploymentPostprocessing = 0;
			shellPath = /bin/sh;
			shellScript = "\"${SRCROOT}/Pods/Target Support Files/Pods-Michigan Hackers/Pods-Michigan Hackers-resources.sh\"\n";
			showEnvVarsInLog = 0;
		};
/* End PBXShellScriptBuildPhase section */

/* Begin PBXSourcesBuildPhase section */
		DB747BCA201AB36300F67C86 /* Sources */ = {
			isa = PBXSourcesBuildPhase;
			buildActionMask = 2147483647;
			files = (
				DB747BD4201AB36300F67C86 /* ViewController.swift in Sources */,
				DB747BD2201AB36300F67C86 /* AppDelegate.swift in Sources */,
				DBFF347E2023F3F20020B7AA /* EventController.swift in Sources */,
			);
			runOnlyForDeploymentPostprocessing = 0;
		};
/* End PBXSourcesBuildPhase section */

/* Begin PBXVariantGroup section */
		DB747BDA201AB36300F67C86 /* LaunchScreen.storyboard */ = {
			isa = PBXVariantGroup;
			children = (
				DB747BDB201AB36300F67C86 /* Base */,
			);
			name = LaunchScreen.storyboard;
			sourceTree = "<group>";
		};
/* End PBXVariantGroup section */

/* Begin XCBuildConfiguration section */
		DB747BDE201AB36300F67C86 /* Debug */ = {
			isa = XCBuildConfiguration;
			buildSettings = {
				ALWAYS_SEARCH_USER_PATHS = NO;
				CLANG_ANALYZER_NONNULL = YES;
				CLANG_ANALYZER_NUMBER_OBJECT_CONVERSION = YES_AGGRESSIVE;
				CLANG_CXX_LANGUAGE_STANDARD = "gnu++14";
				CLANG_CXX_LIBRARY = "libc++";
				CLANG_ENABLE_MODULES = YES;
				CLANG_ENABLE_OBJC_ARC = YES;
				CLANG_WARN_BLOCK_CAPTURE_AUTORELEASING = YES;
				CLANG_WARN_BOOL_CONVERSION = YES;
				CLANG_WARN_COMMA = YES;
				CLANG_WARN_CONSTANT_CONVERSION = YES;
				CLANG_WARN_DIRECT_OBJC_ISA_USAGE = YES_ERROR;
				CLANG_WARN_DOCUMENTATION_COMMENTS = YES;
				CLANG_WARN_EMPTY_BODY = YES;
				CLANG_WARN_ENUM_CONVERSION = YES;
				CLANG_WARN_INFINITE_RECURSION = YES;
				CLANG_WARN_INT_CONVERSION = YES;
				CLANG_WARN_NON_LITERAL_NULL_CONVERSION = YES;
				CLANG_WARN_OBJC_LITERAL_CONVERSION = YES;
				CLANG_WARN_OBJC_ROOT_CLASS = YES_ERROR;
				CLANG_WARN_RANGE_LOOP_ANALYSIS = YES;
				CLANG_WARN_STRICT_PROTOTYPES = YES;
				CLANG_WARN_SUSPICIOUS_MOVE = YES;
				CLANG_WARN_UNGUARDED_AVAILABILITY = YES_AGGRESSIVE;
				CLANG_WARN_UNREACHABLE_CODE = YES;
				CLANG_WARN__DUPLICATE_METHOD_MATCH = YES;
				CODE_SIGN_IDENTITY = "iPhone Developer";
				COPY_PHASE_STRIP = NO;
				DEBUG_INFORMATION_FORMAT = dwarf;
				ENABLE_STRICT_OBJC_MSGSEND = YES;
				ENABLE_TESTABILITY = YES;
				GCC_C_LANGUAGE_STANDARD = gnu11;
				GCC_DYNAMIC_NO_PIC = NO;
				GCC_NO_COMMON_BLOCKS = YES;
				GCC_OPTIMIZATION_LEVEL = 0;
				GCC_PREPROCESSOR_DEFINITIONS = (
					"DEBUG=1",
					"$(inherited)",
				);
				GCC_WARN_64_TO_32_BIT_CONVERSION = YES;
				GCC_WARN_ABOUT_RETURN_TYPE = YES_ERROR;
				GCC_WARN_UNDECLARED_SELECTOR = YES;
				GCC_WARN_UNINITIALIZED_AUTOS = YES_AGGRESSIVE;
				GCC_WARN_UNUSED_FUNCTION = YES;
				GCC_WARN_UNUSED_VARIABLE = YES;
				IPHONEOS_DEPLOYMENT_TARGET = 11.2;
				MTL_ENABLE_DEBUG_INFO = YES;
				ONLY_ACTIVE_ARCH = YES;
				SDKROOT = iphoneos;
				SWIFT_ACTIVE_COMPILATION_CONDITIONS = DEBUG;
				SWIFT_OPTIMIZATION_LEVEL = "-Onone";
			};
			name = Debug;
		};
		DB747BDF201AB36300F67C86 /* Release */ = {
			isa = XCBuildConfiguration;
			buildSettings = {
				ALWAYS_SEARCH_USER_PATHS = NO;
				CLANG_ANALYZER_NONNULL = YES;
				CLANG_ANALYZER_NUMBER_OBJECT_CONVERSION = YES_AGGRESSIVE;
				CLANG_CXX_LANGUAGE_STANDARD = "gnu++14";
				CLANG_CXX_LIBRARY = "libc++";
				CLANG_ENABLE_MODULES = YES;
				CLANG_ENABLE_OBJC_ARC = YES;
				CLANG_WARN_BLOCK_CAPTURE_AUTORELEASING = YES;
				CLANG_WARN_BOOL_CONVERSION = YES;
				CLANG_WARN_COMMA = YES;
				CLANG_WARN_CONSTANT_CONVERSION = YES;
				CLANG_WARN_DIRECT_OBJC_ISA_USAGE = YES_ERROR;
				CLANG_WARN_DOCUMENTATION_COMMENTS = YES;
				CLANG_WARN_EMPTY_BODY = YES;
				CLANG_WARN_ENUM_CONVERSION = YES;
				CLANG_WARN_INFINITE_RECURSION = YES;
				CLANG_WARN_INT_CONVERSION = YES;
				CLANG_WARN_NON_LITERAL_NULL_CONVERSION = YES;
				CLANG_WARN_OBJC_LITERAL_CONVERSION = YES;
				CLANG_WARN_OBJC_ROOT_CLASS = YES_ERROR;
				CLANG_WARN_RANGE_LOOP_ANALYSIS = YES;
				CLANG_WARN_STRICT_PROTOTYPES = YES;
				CLANG_WARN_SUSPICIOUS_MOVE = YES;
				CLANG_WARN_UNGUARDED_AVAILABILITY = YES_AGGRESSIVE;
				CLANG_WARN_UNREACHABLE_CODE = YES;
				CLANG_WARN__DUPLICATE_METHOD_MATCH = YES;
				CODE_SIGN_IDENTITY = "iPhone Developer";
				COPY_PHASE_STRIP = NO;
				DEBUG_INFORMATION_FORMAT = "dwarf-with-dsym";
				ENABLE_NS_ASSERTIONS = NO;
				ENABLE_STRICT_OBJC_MSGSEND = YES;
				GCC_C_LANGUAGE_STANDARD = gnu11;
				GCC_NO_COMMON_BLOCKS = YES;
				GCC_WARN_64_TO_32_BIT_CONVERSION = YES;
				GCC_WARN_ABOUT_RETURN_TYPE = YES_ERROR;
				GCC_WARN_UNDECLARED_SELECTOR = YES;
				GCC_WARN_UNINITIALIZED_AUTOS = YES_AGGRESSIVE;
				GCC_WARN_UNUSED_FUNCTION = YES;
				GCC_WARN_UNUSED_VARIABLE = YES;
				IPHONEOS_DEPLOYMENT_TARGET = 11.2;
				MTL_ENABLE_DEBUG_INFO = NO;
				SDKROOT = iphoneos;
				SWIFT_OPTIMIZATION_LEVEL = "-Owholemodule";
				VALIDATE_PRODUCT = YES;
			};
			name = Release;
		};
		DB747BE1201AB36300F67C86 /* Debug */ = {
			isa = XCBuildConfiguration;
			baseConfigurationReference = 91738A33D49BA5335B392FF5 /* Pods-Michigan Hackers.debug.xcconfig */;
			buildSettings = {
				ASSETCATALOG_COMPILER_APPICON_NAME = AppIcon;
				CODE_SIGN_STYLE = Automatic;
				DEVELOPMENT_TEAM = 9F774JFK34;
				FRAMEWORK_SEARCH_PATHS = "$(inherited)";
				INFOPLIST_FILE = "Michigan Hackers/Info.plist";
				IPHONEOS_DEPLOYMENT_TARGET = 10.1;
				LD_MAP_FILE_PATH = "";
				LD_RUNPATH_SEARCH_PATHS = "$(inherited) @executable_path/Frameworks";
				ONLY_ACTIVE_ARCH = YES;
				OTHER_LDFLAGS = "";
				PRODUCT_BUNDLE_IDENTIFIER = "com.connorsvrcek.Michigan-Hackers";
				PRODUCT_NAME = "$(TARGET_NAME)";
				SWIFT_VERSION = 4.0;
				TARGETED_DEVICE_FAMILY = "1,2";
			};
			name = Debug;
		};
		DB747BE2201AB36300F67C86 /* Release */ = {
			isa = XCBuildConfiguration;
			baseConfigurationReference = 9E75BE18609F638109ABFD78 /* Pods-Michigan Hackers.release.xcconfig */;
			buildSettings = {
				ASSETCATALOG_COMPILER_APPICON_NAME = AppIcon;
				CODE_SIGN_STYLE = Automatic;
				DEVELOPMENT_TEAM = 9F774JFK34;
				FRAMEWORK_SEARCH_PATHS = "$(inherited)";
				INFOPLIST_FILE = "Michigan Hackers/Info.plist";
				IPHONEOS_DEPLOYMENT_TARGET = 10.1;
				LD_MAP_FILE_PATH = "";
				LD_RUNPATH_SEARCH_PATHS = "$(inherited) @executable_path/Frameworks";
				OTHER_LDFLAGS = "";
				PRODUCT_BUNDLE_IDENTIFIER = "com.connorsvrcek.Michigan-Hackers";
				PRODUCT_NAME = "$(TARGET_NAME)";
				SWIFT_VERSION = 4.0;
				TARGETED_DEVICE_FAMILY = "1,2";
			};
			name = Release;
		};
/* End XCBuildConfiguration section */

/* Begin XCConfigurationList section */
		DB747BC9201AB36300F67C86 /* Build configuration list for PBXProject "Michigan Hackers" */ = {
			isa = XCConfigurationList;
			buildConfigurations = (
				DB747BDE201AB36300F67C86 /* Debug */,
				DB747BDF201AB36300F67C86 /* Release */,
			);
			defaultConfigurationIsVisible = 0;
			defaultConfigurationName = Release;
		};
		DB747BE0201AB36300F67C86 /* Build configuration list for PBXNativeTarget "Michigan Hackers" */ = {
			isa = XCConfigurationList;
			buildConfigurations = (
				DB747BE1201AB36300F67C86 /* Debug */,
				DB747BE2201AB36300F67C86 /* Release */,
			);
			defaultConfigurationIsVisible = 0;
			defaultConfigurationName = Release;
		};
/* End XCConfigurationList section */
	};
	rootObject = DB747BC6201AB36300F67C86 /* Project object */;
}
